{
  "name": "rms-main",
  "lockfileVersion": 3,
  "requires": true,
  "packages": {
    "": {
      "dependencies": {
        "fullcalendar-scheduler": "^6.1.4"
      }
    },
    "node_modules/@fullcalendar/adaptive": {
      "version": "6.1.4",
      "resolved": "https://registry.npmjs.org/@fullcalendar/adaptive/-/adaptive-6.1.4.tgz",
      "integrity": "sha512-KQQ3pByRBq59VtvcJVYk/NFsZ765OtMoqTvhRtaRxlUjdOCmI9GfJKtjd3Eoxlx43+Fne3JP5Jpp/ShKEUGWNQ==",
      "dependencies": {
        "@fullcalendar/premium-common": "~6.1.4"
      },
      "peerDependencies": {
        "@fullcalendar/core": "~6.1.4"
      }
    },
    "node_modules/@fullcalendar/core": {
      "version": "6.1.4",
      "resolved": "https://registry.npmjs.org/@fullcalendar/core/-/core-6.1.4.tgz",
      "integrity": "sha512-ZDD0Owv0LezAk14nsRNaOc9nbowItGmT0mnjOhEw+L6B8P5eads8yYaNA9itn70MWoOjiAG8xqD7Yk1iJGxqgQ==",
      "dependencies": {
        "preact": "^10.0.5"
      }
    },
    "node_modules/@fullcalendar/daygrid": {
      "version": "6.1.4",
      "resolved": "https://registry.npmjs.org/@fullcalendar/daygrid/-/daygrid-6.1.4.tgz",
      "integrity": "sha512-X0QWEiA/hT8GYiQzmXt9DlZTWaQbNtBHBXGtaMNcVXbGHDCzLoWTHrde/jABGfr/i2+d9sLUO4oTtwz2HVpNtQ==",
      "peerDependencies": {
        "@fullcalendar/core": "~6.1.4"
      }
    },
    "node_modules/@fullcalendar/interaction": {
      "version": "6.1.4",
      "resolved": "https://registry.npmjs.org/@fullcalendar/interaction/-/interaction-6.1.4.tgz",
      "integrity": "sha512-69G2B61bPiHy7VyTDiwU9l8yRHPUK9XxNxjIdm3N0nvWR6BaUIBDQe8dIWht+IZUf9qirFhnfcLWkRI0fOTWtw==",
      "peerDependencies": {
        "@fullcalendar/core": "~6.1.4"
      }
    },
    "node_modules/@fullcalendar/list": {
      "version": "6.1.4",
      "resolved": "https://registry.npmjs.org/@fullcalendar/list/-/list-6.1.4.tgz",
      "integrity": "sha512-RY2fE9J7ckzhKtvHOWhlI2FnVEBC4Z9ZlgRBE2nQekX2+THt+3KnZtOQxuYGnGi30NBKx794YsXeIc6/Lnl0Ww==",
      "peerDependencies": {
        "@fullcalendar/core": "~6.1.4"
      }
    },
    "node_modules/@fullcalendar/multimonth": {
      "version": "6.1.4",
      "resolved": "https://registry.npmjs.org/@fullcalendar/multimonth/-/multimonth-6.1.4.tgz",
      "integrity": "sha512-bljwyIER4APKTpKF/M8u0BkMDbYDKVkSszCSg1VIX9uVTPpAbzlStqiMAwT+zoOPvoQ8Hsn+yuCFFKKbfUwAFw==",
      "dependencies": {
        "@fullcalendar/daygrid": "~6.1.4"
      },
      "peerDependencies": {
        "@fullcalendar/core": "~6.1.4"
      }
    },
    "node_modules/@fullcalendar/premium-common": {
      "version": "6.1.4",
      "resolved": "https://registry.npmjs.org/@fullcalendar/premium-common/-/premium-common-6.1.4.tgz",
      "integrity": "sha512-gA/6ei9yhLK+5jrjIzC+nwVSsFYuEI+NTnTZSJOYY1NNC/dBbB5j/fez1zbtMIfXqh0McMB9/dYu2drt031ohw==",
      "peerDependencies": {
        "@fullcalendar/core": "~6.1.4"
      }
    },
    "node_modules/@fullcalendar/resource": {
      "version": "6.1.4",
      "resolved": "https://registry.npmjs.org/@fullcalendar/resource/-/resource-6.1.4.tgz",
      "integrity": "sha512-SApmuVZL8gIJuznvCp9wYcHibWdxMjlXEe+d+iu/3UdaP6l6lM09KJ9tVzPwX6z2CFp1jIH2BnmBvhfSUuVmZw==",
      "dependencies": {
        "@fullcalendar/premium-common": "~6.1.4"
      },
      "peerDependencies": {
        "@fullcalendar/core": "~6.1.4"
      }
    },
    "node_modules/@fullcalendar/resource-daygrid": {
      "version": "6.1.4",
      "resolved": "https://registry.npmjs.org/@fullcalendar/resource-daygrid/-/resource-daygrid-6.1.4.tgz",
      "integrity": "sha512-gNajxQxd2Ky3yr3+OVvv15hQtTPM5h1kZStL72YqBWRf7YRlANITuR+G8kPG3kscEANiI2xa0bQbXE6PHUq3Dg==",
      "dependencies": {
        "@fullcalendar/daygrid": "~6.1.4",
        "@fullcalendar/premium-common": "~6.1.4"
      },
      "peerDependencies": {
        "@fullcalendar/core": "~6.1.4",
        "@fullcalendar/resource": "~6.1.4"
      }
    },
    "node_modules/@fullcalendar/resource-timegrid": {
      "version": "6.1.4",
      "resolved": "https://registry.npmjs.org/@fullcalendar/resource-timegrid/-/resource-timegrid-6.1.4.tgz",
      "integrity": "sha512-IAVfzZP82YbC5m48RUJPGfj08+RUpVM77s37fDom+ZjkT8lNuio75w+z83QVKSDIJbfMpeWzEbS1BrvjpwYzTw==",
      "dependencies": {
        "@fullcalendar/premium-common": "~6.1.4",
        "@fullcalendar/resource-daygrid": "~6.1.4",
        "@fullcalendar/timegrid": "~6.1.4"
      },
      "peerDependencies": {
        "@fullcalendar/core": "~6.1.4",
        "@fullcalendar/resource": "~6.1.4"
      }
    },
    "node_modules/@fullcalendar/resource-timeline": {
      "version": "6.1.4",
      "resolved": "https://registry.npmjs.org/@fullcalendar/resource-timeline/-/resource-timeline-6.1.4.tgz",
      "integrity": "sha512-P8bAcWhE8xG4wUG/SHPDhXHXPG6H47BGc9Ge27dwdzlG3qKcOkF8bC3TX52f9WigUjV+R00gPkZ6KRDOA0gWhg==",
      "dependencies": {
        "@fullcalendar/premium-common": "~6.1.4",
        "@fullcalendar/scrollgrid": "~6.1.4",
        "@fullcalendar/timeline": "~6.1.4"
      },
      "peerDependencies": {
        "@fullcalendar/core": "~6.1.4",
        "@fullcalendar/resource": "~6.1.4"
      }
    },
    "node_modules/@fullcalendar/scrollgrid": {
      "version": "6.1.4",
      "resolved": "https://registry.npmjs.org/@fullcalendar/scrollgrid/-/scrollgrid-6.1.4.tgz",
      "integrity": "sha512-ZHwI22x/XQg1/9IARxKcjQxLRieIf66nFS8O0JQp7mUUJhr0DAXchXQIGbON2KpCJI802TpMKsmtxdcItEW7tA==",
      "dependencies": {
        "@fullcalendar/premium-common": "~6.1.4"
      },
      "peerDependencies": {
        "@fullcalendar/core": "~6.1.4"
      }
    },
    "node_modules/@fullcalendar/timegrid": {
      "version": "6.1.4",
      "resolved": "https://registry.npmjs.org/@fullcalendar/timegrid/-/timegrid-6.1.4.tgz",
      "integrity": "sha512-B2/levLKW0CyDQru75JeuASpCZml5W8sINCwVTstxxhjKmNBG3F5qvSX12DDrTdga/ySYObNNP1pKDwavKk/JQ==",
      "dependencies": {
        "@fullcalendar/daygrid": "~6.1.4"
      },
      "peerDependencies": {
        "@fullcalendar/core": "~6.1.4"
      }
    },
    "node_modules/@fullcalendar/timeline": {
      "version": "6.1.4",
      "resolved": "https://registry.npmjs.org/@fullcalendar/timeline/-/timeline-6.1.4.tgz",
      "integrity": "sha512-w+EmBas8wpSsloJmx/gKSJF+nt9eqoSqNbYIaG0Vsl0hRAk8NteZ13vkTjb+BsZOUls3BlPGUX0jiSQ3CzpXNA==",
      "dependencies": {
        "@fullcalendar/premium-common": "~6.1.4",
        "@fullcalendar/scrollgrid": "~6.1.4"
      },
      "peerDependencies": {
        "@fullcalendar/core": "~6.1.4"
      }
    },
    "node_modules/fullcalendar-scheduler": {
      "version": "6.1.4",
      "resolved": "https://registry.npmjs.org/fullcalendar-scheduler/-/fullcalendar-scheduler-6.1.4.tgz",
      "integrity": "sha512-DCVhQZh4CSpmlPzHwfuNAo7tYiG/7WmuCEeiPPbk7zBFq3mxxJRbNilCe3GDSeR6vKdX5J9U9rlJFgBDKknFag==",
      "dependencies": {
        "@fullcalendar/adaptive": "~6.1.4",
        "@fullcalendar/core": "~6.1.4",
        "@fullcalendar/daygrid": "~6.1.4",
        "@fullcalendar/interaction": "~6.1.4",
        "@fullcalendar/list": "~6.1.4",
        "@fullcalendar/multimonth": "~6.1.4",
        "@fullcalendar/resource": "~6.1.4",
        "@fullcalendar/resource-daygrid": "~6.1.4",
        "@fullcalendar/resource-timegrid": "~6.1.4",
        "@fullcalendar/resource-timeline": "~6.1.4",
        "@fullcalendar/scrollgrid": "~6.1.4",
        "@fullcalendar/timegrid": "~6.1.4",
        "@fullcalendar/timeline": "~6.1.4"
      }
    },
    "node_modules/preact": {
      "version": "10.12.1",
      "resolved": "https://registry.npmjs.org/preact/-/preact-10.12.1.tgz",
      "integrity": "sha512-l8386ixSsBdbreOAkqtrwqHwdvR35ID8c3rKPa8lCWuO86dBi32QWHV4vfsZK1utLLFMvw+Z5Ad4XLkZzchscg==",
      "funding": {
        "type": "opencollective",
        "url": "https://opencollective.com/preact"
      }
    }
  }
}
